// !$*UTF8*$!
{
	archiveVersion = 1;
	classes = {
	};
	objectVersion = 77;
	objects = {

/* Begin PBXBuildFile section */
		072749672DB0CD20006E6C30 /* CalendarHomeView.swift in Sources */ = {isa = PBXBuildFile; fileRef = 072749662DB0CD20006E6C30 /* CalendarHomeView.swift */; };
		072787282D94C14700D56B96 /* CalendarView.swift in Sources */ = {isa = PBXBuildFile; fileRef = 072787272D94C14700D56B96 /* CalendarView.swift */; };
		07381C242D998381003216FA /* CustomOzView.swift in Sources */ = {isa = PBXBuildFile; fileRef = 07381C232D998381003216FA /* CustomOzView.swift */; };
		07381C272D9B78E6003216FA /* CustomDrinkView.swift in Sources */ = {isa = PBXBuildFile; fileRef = 07381C262D9B78E6003216FA /* CustomDrinkView.swift */; };
		073BC1752DAF2FB000863F93 /* TitleView.swift in Sources */ = {isa = PBXBuildFile; fileRef = 073BC1742DAF2FB000863F93 /* TitleView.swift */; };
		07645B8E2DFA93840020BF31 /* GoalView.swift in Sources */ = {isa = PBXBuildFile; fileRef = 07645B8D2DFA93840020BF31 /* GoalView.swift */; };
		07680FF82E01302E0030108F /* ResetView.swift in Sources */ = {isa = PBXBuildFile; fileRef = 07680FF72E01302E0030108F /* ResetView.swift */; };
		077ED5A92E06C8DD00CBCC33 /* UserGoal.swift in Sources */ = {isa = PBXBuildFile; fileRef = 077ED5A82E06C8DD00CBCC33 /* UserGoal.swift */; };
		077ED5AB2E0A9B9E00CBCC33 /* CupViewOverride.swift in Sources */ = {isa = PBXBuildFile; fileRef = 077ED5AA2E0A9B9E00CBCC33 /* CupViewOverride.swift */; };
		077ED5B12E0BE5E800CBCC33 /* CalendarDayCell.swift in Sources */ = {isa = PBXBuildFile; fileRef = 077ED5B02E0BE5E800CBCC33 /* CalendarDayCell.swift */; };
		077ED5B32E0BE60F00CBCC33 /* CalendarDrinkList.swift in Sources */ = {isa = PBXBuildFile; fileRef = 077ED5B22E0BE60F00CBCC33 /* CalendarDrinkList.swift */; };
		077ED5B92E0D4C5F00CBCC33 /* CalendarListUpdate.swift in Sources */ = {isa = PBXBuildFile; fileRef = 077ED5B82E0D4C5F00CBCC33 /* CalendarListUpdate.swift */; };
		07A83A452D98F4AC007F9B11 /* DrinkFillView.swift in Sources */ = {isa = PBXBuildFile; fileRef = 07A83A442D98F4AC007F9B11 /* DrinkFillView.swift */; };
		07B3A0042D9DF79100000BF2 /* DrinkItem.swift in Sources */ = {isa = PBXBuildFile; fileRef = 07B3A0032D9DF79100000BF2 /* DrinkItem.swift */; };
		07B3A0062D9DF82E00000BF2 /* DrinkListVM.swift in Sources */ = {isa = PBXBuildFile; fileRef = 07B3A0052D9DF82E00000BF2 /* DrinkListVM.swift */; };
		07B3A0082D9E0FBB00000BF2 /* SettingsReviewView.swift in Sources */ = {isa = PBXBuildFile; fileRef = 07B3A0072D9E0FBB00000BF2 /* SettingsReviewView.swift */; };
		07CED0272D94CFF500498D17 /* BarChart.swift in Sources */ = {isa = PBXBuildFile; fileRef = 07CED0262D94CFF500498D17 /* BarChart.swift */; };
		07CED0292D953BF300498D17 /* Extensions.swift in Sources */ = {isa = PBXBuildFile; fileRef = 07CED0282D953BF300498D17 /* Extensions.swift */; };
		07CED0332D96925C00498D17 /* SettingsListView.swift in Sources */ = {isa = PBXBuildFile; fileRef = 07CED0322D96925C00498D17 /* SettingsListView.swift */; };
		07CED0352D96A02600498D17 /* SettingsModel.swift in Sources */ = {isa = PBXBuildFile; fileRef = 07CED0342D96A02600498D17 /* SettingsModel.swift */; };
		07EA0BE02DBCC4E8001033AB /* ExtensionsText.swift in Sources */ = {isa = PBXBuildFile; fileRef = 07EA0BDF2DBCC4E8001033AB /* ExtensionsText.swift */; };
		07F3C7382D8EEDF700427A9A /* WaterAppUITests.swift in Sources */ = {isa = PBXBuildFile; fileRef = 07F3C7352D8EEDF700427A9A /* WaterAppUITests.swift */; };
		07F3C7392D8EEDF700427A9A /* WaterAppUITestsLaunchTests.swift in Sources */ = {isa = PBXBuildFile; fileRef = 07F3C7362D8EEDF700427A9A /* WaterAppUITestsLaunchTests.swift */; };
		07F3C73C2D8EEDF900427A9A /* WaterAppTests.swift in Sources */ = {isa = PBXBuildFile; fileRef = 07F3C73A2D8EEDF900427A9A /* WaterAppTests.swift */; };
		07F3C7432D8EEDFE00427A9A /* ContentView.swift in Sources */ = {isa = PBXBuildFile; fileRef = 07F3C7402D8EEDFE00427A9A /* ContentView.swift */; };
		07F3C7442D8EEDFE00427A9A /* WaterAppApp.swift in Sources */ = {isa = PBXBuildFile; fileRef = 07F3C7412D8EEDFE00427A9A /* WaterAppApp.swift */; };
		07F3C7452D8EEDFE00427A9A /* Preview Assets.xcassets in Resources */ = {isa = PBXBuildFile; fileRef = 07F3C73D2D8EEDFE00427A9A /* Preview Assets.xcassets */; };
		07F3C7462D8EEDFE00427A9A /* Assets.xcassets in Resources */ = {isa = PBXBuildFile; fileRef = 07F3C73F2D8EEDFE00427A9A /* Assets.xcassets */; };
		07F3C74C2D8EEF4600427A9A /* HomeView.swift in Sources */ = {isa = PBXBuildFile; fileRef = 07F3C74B2D8EEF4600427A9A /* HomeView.swift */; };
		07F3C7522D8EF69500427A9A /* WaveMotion.swift in Sources */ = {isa = PBXBuildFile; fileRef = 07F3C7512D8EF69500427A9A /* WaveMotion.swift */; };
		07F3C7542D8EF8DF00427A9A /* CupView.swift in Sources */ = {isa = PBXBuildFile; fileRef = 07F3C7532D8EF8DF00427A9A /* CupView.swift */; };
		07F3C7562D90CA1700427A9A /* DrinkSelectionView.swift in Sources */ = {isa = PBXBuildFile; fileRef = 07F3C7552D90CA1700427A9A /* DrinkSelectionView.swift */; };
		07FBA8B62DAA53A000133F70 /* NavPath.swift in Sources */ = {isa = PBXBuildFile; fileRef = 07FBA8B52DAA53A000133F70 /* NavPath.swift */; };
		116283D02DB38FBF000ADC31 /* CalendarHomeVM.swift in Sources */ = {isa = PBXBuildFile; fileRef = 116283CF2DB38FBF000ADC31 /* CalendarHomeVM.swift */; };
/* End PBXBuildFile section */

/* Begin PBXContainerItemProxy section */
		07F3C7192D8EEDEB00427A9A /* PBXContainerItemProxy */ = {
			isa = PBXContainerItemProxy;
			containerPortal = 07F3C7002D8EEDE800427A9A /* Project object */;
			proxyType = 1;
			remoteGlobalIDString = 07F3C7072D8EEDE800427A9A;
			remoteInfo = WaterApp;
		};
		07F3C7232D8EEDEB00427A9A /* PBXContainerItemProxy */ = {
			isa = PBXContainerItemProxy;
			containerPortal = 07F3C7002D8EEDE800427A9A /* Project object */;
			proxyType = 1;
			remoteGlobalIDString = 07F3C7072D8EEDE800427A9A;
			remoteInfo = WaterApp;
		};
/* End PBXContainerItemProxy section */

/* Begin PBXFileReference section */
		072749662DB0CD20006E6C30 /* CalendarHomeView.swift */ = {isa = PBXFileReference; lastKnownFileType = sourcecode.swift; path = CalendarHomeView.swift; sourceTree = "<group>"; };
		072787272D94C14700D56B96 /* CalendarView.swift */ = {isa = PBXFileReference; lastKnownFileType = sourcecode.swift; path = CalendarView.swift; sourceTree = "<group>"; };
		07381C232D998381003216FA /* CustomOzView.swift */ = {isa = PBXFileReference; lastKnownFileType = sourcecode.swift; path = CustomOzView.swift; sourceTree = "<group>"; };
		07381C262D9B78E6003216FA /* CustomDrinkView.swift */ = {isa = PBXFileReference; lastKnownFileType = sourcecode.swift; path = CustomDrinkView.swift; sourceTree = "<group>"; };
		073BC1742DAF2FB000863F93 /* TitleView.swift */ = {isa = PBXFileReference; lastKnownFileType = sourcecode.swift; path = TitleView.swift; sourceTree = "<group>"; };
		07645B8D2DFA93840020BF31 /* GoalView.swift */ = {isa = PBXFileReference; lastKnownFileType = sourcecode.swift; path = GoalView.swift; sourceTree = "<group>"; };
		07680FF72E01302E0030108F /* ResetView.swift */ = {isa = PBXFileReference; lastKnownFileType = sourcecode.swift; path = ResetView.swift; sourceTree = "<group>"; };
		077ED5A82E06C8DD00CBCC33 /* UserGoal.swift */ = {isa = PBXFileReference; lastKnownFileType = sourcecode.swift; path = UserGoal.swift; sourceTree = "<group>"; };
		077ED5AA2E0A9B9E00CBCC33 /* CupViewOverride.swift */ = {isa = PBXFileReference; lastKnownFileType = sourcecode.swift; path = CupViewOverride.swift; sourceTree = "<group>"; };
		077ED5B02E0BE5E800CBCC33 /* CalendarDayCell.swift */ = {isa = PBXFileReference; lastKnownFileType = sourcecode.swift; path = CalendarDayCell.swift; sourceTree = "<group>"; };
		077ED5B22E0BE60F00CBCC33 /* CalendarDrinkList.swift */ = {isa = PBXFileReference; lastKnownFileType = sourcecode.swift; path = CalendarDrinkList.swift; sourceTree = "<group>"; };
		077ED5B82E0D4C5F00CBCC33 /* CalendarListUpdate.swift */ = {isa = PBXFileReference; lastKnownFileType = sourcecode.swift; path = CalendarListUpdate.swift; sourceTree = "<group>"; };
		07A83A442D98F4AC007F9B11 /* DrinkFillView.swift */ = {isa = PBXFileReference; lastKnownFileType = sourcecode.swift; path = DrinkFillView.swift; sourceTree = "<group>"; };
		07B3A0032D9DF79100000BF2 /* DrinkItem.swift */ = {isa = PBXFileReference; lastKnownFileType = sourcecode.swift; path = DrinkItem.swift; sourceTree = "<group>"; };
		07B3A0052D9DF82E00000BF2 /* DrinkListVM.swift */ = {isa = PBXFileReference; lastKnownFileType = sourcecode.swift; path = DrinkListVM.swift; sourceTree = "<group>"; };
		07B3A0072D9E0FBB00000BF2 /* SettingsReviewView.swift */ = {isa = PBXFileReference; lastKnownFileType = sourcecode.swift; path = SettingsReviewView.swift; sourceTree = "<group>"; };
		07CED0262D94CFF500498D17 /* BarChart.swift */ = {isa = PBXFileReference; lastKnownFileType = sourcecode.swift; path = BarChart.swift; sourceTree = "<group>"; };
		07CED0282D953BF300498D17 /* Extensions.swift */ = {isa = PBXFileReference; lastKnownFileType = sourcecode.swift; path = Extensions.swift; sourceTree = "<group>"; };
		07CED0322D96925C00498D17 /* SettingsListView.swift */ = {isa = PBXFileReference; lastKnownFileType = sourcecode.swift; path = SettingsListView.swift; sourceTree = "<group>"; };
		07CED0342D96A02600498D17 /* SettingsModel.swift */ = {isa = PBXFileReference; lastKnownFileType = sourcecode.swift; path = SettingsModel.swift; sourceTree = "<group>"; };
		07EA0BDF2DBCC4E8001033AB /* ExtensionsText.swift */ = {isa = PBXFileReference; lastKnownFileType = sourcecode.swift; path = ExtensionsText.swift; sourceTree = "<group>"; };
		07F3C7082D8EEDE800427A9A /* WaterApp.app */ = {isa = PBXFileReference; explicitFileType = wrapper.application; includeInIndex = 0; path = WaterApp.app; sourceTree = BUILT_PRODUCTS_DIR; };
		07F3C7182D8EEDEB00427A9A /* WaterAppTests.xctest */ = {isa = PBXFileReference; explicitFileType = wrapper.cfbundle; includeInIndex = 0; path = WaterAppTests.xctest; sourceTree = BUILT_PRODUCTS_DIR; };
		07F3C7222D8EEDEB00427A9A /* WaterAppUITests.xctest */ = {isa = PBXFileReference; explicitFileType = wrapper.cfbundle; includeInIndex = 0; path = WaterAppUITests.xctest; sourceTree = BUILT_PRODUCTS_DIR; };
		07F3C7352D8EEDF700427A9A /* WaterAppUITests.swift */ = {isa = PBXFileReference; lastKnownFileType = sourcecode.swift; path = WaterAppUITests.swift; sourceTree = "<group>"; };
		07F3C7362D8EEDF700427A9A /* WaterAppUITestsLaunchTests.swift */ = {isa = PBXFileReference; lastKnownFileType = sourcecode.swift; path = WaterAppUITestsLaunchTests.swift; sourceTree = "<group>"; };
		07F3C73A2D8EEDF900427A9A /* WaterAppTests.swift */ = {isa = PBXFileReference; lastKnownFileType = sourcecode.swift; path = WaterAppTests.swift; sourceTree = "<group>"; };
		07F3C73D2D8EEDFE00427A9A /* Preview Assets.xcassets */ = {isa = PBXFileReference; lastKnownFileType = folder.assetcatalog; path = "Preview Assets.xcassets"; sourceTree = "<group>"; };
		07F3C73F2D8EEDFE00427A9A /* Assets.xcassets */ = {isa = PBXFileReference; lastKnownFileType = folder.assetcatalog; path = Assets.xcassets; sourceTree = "<group>"; };
		07F3C7402D8EEDFE00427A9A /* ContentView.swift */ = {isa = PBXFileReference; lastKnownFileType = sourcecode.swift; path = ContentView.swift; sourceTree = "<group>"; };
		07F3C7412D8EEDFE00427A9A /* WaterAppApp.swift */ = {isa = PBXFileReference; lastKnownFileType = sourcecode.swift; path = WaterAppApp.swift; sourceTree = "<group>"; };
		07F3C74B2D8EEF4600427A9A /* HomeView.swift */ = {isa = PBXFileReference; lastKnownFileType = sourcecode.swift; path = HomeView.swift; sourceTree = "<group>"; };
		07F3C7512D8EF69500427A9A /* WaveMotion.swift */ = {isa = PBXFileReference; lastKnownFileType = sourcecode.swift; path = WaveMotion.swift; sourceTree = "<group>"; };
		07F3C7532D8EF8DF00427A9A /* CupView.swift */ = {isa = PBXFileReference; lastKnownFileType = sourcecode.swift; path = CupView.swift; sourceTree = "<group>"; };
		07F3C7552D90CA1700427A9A /* DrinkSelectionView.swift */ = {isa = PBXFileReference; lastKnownFileType = sourcecode.swift; path = DrinkSelectionView.swift; sourceTree = "<group>"; };
		07FBA8B52DAA53A000133F70 /* NavPath.swift */ = {isa = PBXFileReference; lastKnownFileType = sourcecode.swift; path = NavPath.swift; sourceTree = "<group>"; };
		116283CF2DB38FBF000ADC31 /* CalendarHomeVM.swift */ = {isa = PBXFileReference; lastKnownFileType = sourcecode.swift; path = CalendarHomeVM.swift; sourceTree = "<group>"; };
/* End PBXFileReference section */

/* Begin PBXFrameworksBuildPhase section */
		07F3C7052D8EEDE800427A9A /* Frameworks */ = {
			isa = PBXFrameworksBuildPhase;
			buildActionMask = 2147483647;
			files = (
			);
			runOnlyForDeploymentPostprocessing = 0;
		};
		07F3C7152D8EEDEB00427A9A /* Frameworks */ = {
			isa = PBXFrameworksBuildPhase;
			buildActionMask = 2147483647;
			files = (
			);
			runOnlyForDeploymentPostprocessing = 0;
		};
		07F3C71F2D8EEDEB00427A9A /* Frameworks */ = {
			isa = PBXFrameworksBuildPhase;
			buildActionMask = 2147483647;
			files = (
			);
			runOnlyForDeploymentPostprocessing = 0;
		};
/* End PBXFrameworksBuildPhase section */

/* Begin PBXGroup section */
		072787252D94C06300D56B96 /* Models */ = {
			isa = PBXGroup;
			children = (
				07CED0342D96A02600498D17 /* SettingsModel.swift */,
				07B3A0032D9DF79100000BF2 /* DrinkItem.swift */,
				07FBA8B52DAA53A000133F70 /* NavPath.swift */,
				077ED5A82E06C8DD00CBCC33 /* UserGoal.swift */,
			);
			path = Models;
			sourceTree = "<group>";
		};
		072787262D94C12700D56B96 /* Calendar */ = {
			isa = PBXGroup;
			children = (
				072749662DB0CD20006E6C30 /* CalendarHomeView.swift */,
				072787272D94C14700D56B96 /* CalendarView.swift */,
				077ED5AA2E0A9B9E00CBCC33 /* CupViewOverride.swift */,
				077ED5B02E0BE5E800CBCC33 /* CalendarDayCell.swift */,
				077ED5B22E0BE60F00CBCC33 /* CalendarDrinkList.swift */,
				077ED5B82E0D4C5F00CBCC33 /* CalendarListUpdate.swift */,
				07CED0262D94CFF500498D17 /* BarChart.swift */,
			);
			path = Calendar;
			sourceTree = "<group>";
		};
		072787292D94C15C00D56B96 /* Cup */ = {
			isa = PBXGroup;
			children = (
				07F3C74B2D8EEF4600427A9A /* HomeView.swift */,
				07F3C7532D8EF8DF00427A9A /* CupView.swift */,
				07A83A442D98F4AC007F9B11 /* DrinkFillView.swift */,
				07381C262D9B78E6003216FA /* CustomDrinkView.swift */,
				07381C232D998381003216FA /* CustomOzView.swift */,
				07F3C7552D90CA1700427A9A /* DrinkSelectionView.swift */,
				073BC1742DAF2FB000863F93 /* TitleView.swift */,
				07F3C7512D8EF69500427A9A /* WaveMotion.swift */,
			);
			path = Cup;
			sourceTree = "<group>";
		};
		07CED0252D94C32700498D17 /* Settings */ = {
			isa = PBXGroup;
			children = (
				07CED0322D96925C00498D17 /* SettingsListView.swift */,
				07B3A0072D9E0FBB00000BF2 /* SettingsReviewView.swift */,
				07645B8D2DFA93840020BF31 /* GoalView.swift */,
				07680FF72E01302E0030108F /* ResetView.swift */,
			);
			path = Settings;
			sourceTree = "<group>";
		};
		07CED0362D97888400498D17 /* ViewModels */ = {
			isa = PBXGroup;
			children = (
				07B3A0052D9DF82E00000BF2 /* DrinkListVM.swift */,
				116283CF2DB38FBF000ADC31 /* CalendarHomeVM.swift */,
			);
			path = ViewModels;
			sourceTree = "<group>";
		};
		07F3C6FF2D8EEDE800427A9A = {
			isa = PBXGroup;
			children = (
				07F3C7422D8EEDFE00427A9A /* WaterApp */,
				07F3C73B2D8EEDF900427A9A /* WaterAppTests */,
				07F3C7372D8EEDF700427A9A /* WaterAppUITests */,
				07F3C7092D8EEDE800427A9A /* Products */,
			);
			sourceTree = "<group>";
		};
		07F3C7092D8EEDE800427A9A /* Products */ = {
			isa = PBXGroup;
			children = (
				07F3C7082D8EEDE800427A9A /* WaterApp.app */,
				07F3C7182D8EEDEB00427A9A /* WaterAppTests.xctest */,
				07F3C7222D8EEDEB00427A9A /* WaterAppUITests.xctest */,
			);
			name = Products;
			sourceTree = "<group>";
		};
		07F3C7372D8EEDF700427A9A /* WaterAppUITests */ = {
			isa = PBXGroup;
			children = (
				07F3C7352D8EEDF700427A9A /* WaterAppUITests.swift */,
				07F3C7362D8EEDF700427A9A /* WaterAppUITestsLaunchTests.swift */,
			);
			path = WaterAppUITests;
			sourceTree = "<group>";
		};
		07F3C73B2D8EEDF900427A9A /* WaterAppTests */ = {
			isa = PBXGroup;
			children = (
				07F3C73A2D8EEDF900427A9A /* WaterAppTests.swift */,
			);
			path = WaterAppTests;
			sourceTree = "<group>";
		};
		07F3C73E2D8EEDFE00427A9A /* Preview Content */ = {
			isa = PBXGroup;
			children = (
				07F3C73D2D8EEDFE00427A9A /* Preview Assets.xcassets */,
			);
			path = "Preview Content";
			sourceTree = "<group>";
		};
		07F3C7422D8EEDFE00427A9A /* WaterApp */ = {
			isa = PBXGroup;
			children = (
				07F3C73E2D8EEDFE00427A9A /* Preview Content */,
				07F3C73F2D8EEDFE00427A9A /* Assets.xcassets */,
				07F3C74A2D8EEE2A00427A9A /* App */,
				072787252D94C06300D56B96 /* Models */,
				07F3C7482D8EEE1700427A9A /* Views */,
				07CED0362D97888400498D17 /* ViewModels */,
			);
			path = WaterApp;
			sourceTree = "<group>";
		};
		07F3C7482D8EEE1700427A9A /* Views */ = {
			isa = PBXGroup;
			children = (
				07CED0252D94C32700498D17 /* Settings */,
				072787292D94C15C00D56B96 /* Cup */,
				072787262D94C12700D56B96 /* Calendar */,
			);
			path = Views;
			sourceTree = "<group>";
		};
		07F3C74A2D8EEE2A00427A9A /* App */ = {
			isa = PBXGroup;
			children = (
				07F3C7402D8EEDFE00427A9A /* ContentView.swift */,
				07F3C7412D8EEDFE00427A9A /* WaterAppApp.swift */,
				07CED0282D953BF300498D17 /* Extensions.swift */,
				07EA0BDF2DBCC4E8001033AB /* ExtensionsText.swift */,
			);
			path = App;
			sourceTree = "<group>";
		};
/* End PBXGroup section */

/* Begin PBXNativeTarget section */
		07F3C7072D8EEDE800427A9A /* WaterApp */ = {
			isa = PBXNativeTarget;
			buildConfigurationList = 07F3C72C2D8EEDEB00427A9A /* Build configuration list for PBXNativeTarget "WaterApp" */;
			buildPhases = (
				07F3C7042D8EEDE800427A9A /* Sources */,
				07F3C7052D8EEDE800427A9A /* Frameworks */,
				07F3C7062D8EEDE800427A9A /* Resources */,
			);
			buildRules = (
			);
			dependencies = (
			);
			name = WaterApp;
			packageProductDependencies = (
			);
			productName = WaterApp;
			productReference = 07F3C7082D8EEDE800427A9A /* WaterApp.app */;
			productType = "com.apple.product-type.application";
		};
		07F3C7172D8EEDEB00427A9A /* WaterAppTests */ = {
			isa = PBXNativeTarget;
			buildConfigurationList = 07F3C72F2D8EEDEB00427A9A /* Build configuration list for PBXNativeTarget "WaterAppTests" */;
			buildPhases = (
				07F3C7142D8EEDEB00427A9A /* Sources */,
				07F3C7152D8EEDEB00427A9A /* Frameworks */,
				07F3C7162D8EEDEB00427A9A /* Resources */,
			);
			buildRules = (
			);
			dependencies = (
				07F3C71A2D8EEDEB00427A9A /* PBXTargetDependency */,
			);
			name = WaterAppTests;
			packageProductDependencies = (
			);
			productName = WaterAppTests;
			productReference = 07F3C7182D8EEDEB00427A9A /* WaterAppTests.xctest */;
			productType = "com.apple.product-type.bundle.unit-test";
		};
		07F3C7212D8EEDEB00427A9A /* WaterAppUITests */ = {
			isa = PBXNativeTarget;
			buildConfigurationList = 07F3C7322D8EEDEB00427A9A /* Build configuration list for PBXNativeTarget "WaterAppUITests" */;
			buildPhases = (
				07F3C71E2D8EEDEB00427A9A /* Sources */,
				07F3C71F2D8EEDEB00427A9A /* Frameworks */,
				07F3C7202D8EEDEB00427A9A /* Resources */,
			);
			buildRules = (
			);
			dependencies = (
				07F3C7242D8EEDEB00427A9A /* PBXTargetDependency */,
			);
			name = WaterAppUITests;
			packageProductDependencies = (
			);
			productName = WaterAppUITests;
			productReference = 07F3C7222D8EEDEB00427A9A /* WaterAppUITests.xctest */;
			productType = "com.apple.product-type.bundle.ui-testing";
		};
/* End PBXNativeTarget section */

/* Begin PBXProject section */
		07F3C7002D8EEDE800427A9A /* Project object */ = {
			isa = PBXProject;
			attributes = {
				BuildIndependentTargetsInParallel = 1;
				LastSwiftUpdateCheck = 1620;
				LastUpgradeCheck = 1640;
				TargetAttributes = {
					07F3C7072D8EEDE800427A9A = {
						CreatedOnToolsVersion = 16.2;
					};
					07F3C7172D8EEDEB00427A9A = {
						CreatedOnToolsVersion = 16.2;
						TestTargetID = 07F3C7072D8EEDE800427A9A;
					};
					07F3C7212D8EEDEB00427A9A = {
						CreatedOnToolsVersion = 16.2;
						TestTargetID = 07F3C7072D8EEDE800427A9A;
					};
				};
			};
			buildConfigurationList = 07F3C7032D8EEDE800427A9A /* Build configuration list for PBXProject "WaterApp" */;
			developmentRegion = en;
			hasScannedForEncodings = 0;
			knownRegions = (
				en,
				Base,
			);
			mainGroup = 07F3C6FF2D8EEDE800427A9A;
			minimizedProjectReferenceProxies = 1;
			preferredProjectObjectVersion = 77;
			productRefGroup = 07F3C7092D8EEDE800427A9A /* Products */;
			projectDirPath = "";
			projectRoot = "";
			targets = (
				07F3C7072D8EEDE800427A9A /* WaterApp */,
				07F3C7172D8EEDEB00427A9A /* WaterAppTests */,
				07F3C7212D8EEDEB00427A9A /* WaterAppUITests */,
			);
		};
/* End PBXProject section */

/* Begin PBXResourcesBuildPhase section */
		07F3C7062D8EEDE800427A9A /* Resources */ = {
			isa = PBXResourcesBuildPhase;
			buildActionMask = 2147483647;
			files = (
				07F3C7452D8EEDFE00427A9A /* Preview Assets.xcassets in Resources */,
				07F3C7462D8EEDFE00427A9A /* Assets.xcassets in Resources */,
			);
			runOnlyForDeploymentPostprocessing = 0;
		};
		07F3C7162D8EEDEB00427A9A /* Resources */ = {
			isa = PBXResourcesBuildPhase;
			buildActionMask = 2147483647;
			files = (
			);
			runOnlyForDeploymentPostprocessing = 0;
		};
		07F3C7202D8EEDEB00427A9A /* Resources */ = {
			isa = PBXResourcesBuildPhase;
			buildActionMask = 2147483647;
			files = (
			);
			runOnlyForDeploymentPostprocessing = 0;
		};
/* End PBXResourcesBuildPhase section */

/* Begin PBXSourcesBuildPhase section */
		07F3C7042D8EEDE800427A9A /* Sources */ = {
			isa = PBXSourcesBuildPhase;
			buildActionMask = 2147483647;
			files = (
				077ED5B12E0BE5E800CBCC33 /* CalendarDayCell.swift in Sources */,
				07680FF82E01302E0030108F /* ResetView.swift in Sources */,
				07CED0272D94CFF500498D17 /* BarChart.swift in Sources */,
				077ED5A92E06C8DD00CBCC33 /* UserGoal.swift in Sources */,
				07CED0332D96925C00498D17 /* SettingsListView.swift in Sources */,
				07CED0352D96A02600498D17 /* SettingsModel.swift in Sources */,
				07B3A0062D9DF82E00000BF2 /* DrinkListVM.swift in Sources */,
				07FBA8B62DAA53A000133F70 /* NavPath.swift in Sources */,
				077ED5AB2E0A9B9E00CBCC33 /* CupViewOverride.swift in Sources */,
				07CED0292D953BF300498D17 /* Extensions.swift in Sources */,
				116283D02DB38FBF000ADC31 /* CalendarHomeVM.swift in Sources */,
				07F3C7522D8EF69500427A9A /* WaveMotion.swift in Sources */,
				072787282D94C14700D56B96 /* CalendarView.swift in Sources */,
				07F3C74C2D8EEF4600427A9A /* HomeView.swift in Sources */,
				07B3A0082D9E0FBB00000BF2 /* SettingsReviewView.swift in Sources */,
				077ED5B92E0D4C5F00CBCC33 /* CalendarListUpdate.swift in Sources */,
				07F3C7562D90CA1700427A9A /* DrinkSelectionView.swift in Sources */,
				07EA0BE02DBCC4E8001033AB /* ExtensionsText.swift in Sources */,
				07A83A452D98F4AC007F9B11 /* DrinkFillView.swift in Sources */,
				07F3C7432D8EEDFE00427A9A /* ContentView.swift in Sources */,
				07381C242D998381003216FA /* CustomOzView.swift in Sources */,
				073BC1752DAF2FB000863F93 /* TitleView.swift in Sources */,
				072749672DB0CD20006E6C30 /* CalendarHomeView.swift in Sources */,
				07B3A0042D9DF79100000BF2 /* DrinkItem.swift in Sources */,
				07F3C7542D8EF8DF00427A9A /* CupView.swift in Sources */,
				07381C272D9B78E6003216FA /* CustomDrinkView.swift in Sources */,
				077ED5B32E0BE60F00CBCC33 /* CalendarDrinkList.swift in Sources */,
				07645B8E2DFA93840020BF31 /* GoalView.swift in Sources */,
				07F3C7442D8EEDFE00427A9A /* WaterAppApp.swift in Sources */,
			);
			runOnlyForDeploymentPostprocessing = 0;
		};
		07F3C7142D8EEDEB00427A9A /* Sources */ = {
			isa = PBXSourcesBuildPhase;
			buildActionMask = 2147483647;
			files = (
				07F3C73C2D8EEDF900427A9A /* WaterAppTests.swift in Sources */,
			);
			runOnlyForDeploymentPostprocessing = 0;
		};
		07F3C71E2D8EEDEB00427A9A /* Sources */ = {
			isa = PBXSourcesBuildPhase;
			buildActionMask = 2147483647;
			files = (
				07F3C7382D8EEDF700427A9A /* WaterAppUITests.swift in Sources */,
				07F3C7392D8EEDF700427A9A /* WaterAppUITestsLaunchTests.swift in Sources */,
			);
			runOnlyForDeploymentPostprocessing = 0;
		};
/* End PBXSourcesBuildPhase section */

/* Begin PBXTargetDependency section */
		07F3C71A2D8EEDEB00427A9A /* PBXTargetDependency */ = {
			isa = PBXTargetDependency;
			target = 07F3C7072D8EEDE800427A9A /* WaterApp */;
			targetProxy = 07F3C7192D8EEDEB00427A9A /* PBXContainerItemProxy */;
		};
		07F3C7242D8EEDEB00427A9A /* PBXTargetDependency */ = {
			isa = PBXTargetDependency;
			target = 07F3C7072D8EEDE800427A9A /* WaterApp */;
			targetProxy = 07F3C7232D8EEDEB00427A9A /* PBXContainerItemProxy */;
		};
/* End PBXTargetDependency section */

/* Begin XCBuildConfiguration section */
		07F3C72A2D8EEDEB00427A9A /* Debug */ = {
			isa = XCBuildConfiguration;
			buildSettings = {
				ALWAYS_SEARCH_USER_PATHS = NO;
				ASSETCATALOG_COMPILER_GENERATE_SWIFT_ASSET_SYMBOL_EXTENSIONS = YES;
				CLANG_ANALYZER_NONNULL = YES;
				CLANG_ANALYZER_NUMBER_OBJECT_CONVERSION = YES_AGGRESSIVE;
				CLANG_CXX_LANGUAGE_STANDARD = "gnu++20";
				CLANG_ENABLE_MODULES = YES;
				CLANG_ENABLE_OBJC_ARC = YES;
				CLANG_ENABLE_OBJC_WEAK = YES;
				CLANG_WARN_BLOCK_CAPTURE_AUTORELEASING = YES;
				CLANG_WARN_BOOL_CONVERSION = YES;
				CLANG_WARN_COMMA = YES;
				CLANG_WARN_CONSTANT_CONVERSION = YES;
				CLANG_WARN_DEPRECATED_OBJC_IMPLEMENTATIONS = YES;
				CLANG_WARN_DIRECT_OBJC_ISA_USAGE = YES_ERROR;
				CLANG_WARN_DOCUMENTATION_COMMENTS = YES;
				CLANG_WARN_EMPTY_BODY = YES;
				CLANG_WARN_ENUM_CONVERSION = YES;
				CLANG_WARN_INFINITE_RECURSION = YES;
				CLANG_WARN_INT_CONVERSION = YES;
				CLANG_WARN_NON_LITERAL_NULL_CONVERSION = YES;
				CLANG_WARN_OBJC_IMPLICIT_RETAIN_SELF = YES;
				CLANG_WARN_OBJC_LITERAL_CONVERSION = YES;
				CLANG_WARN_OBJC_ROOT_CLASS = YES_ERROR;
				CLANG_WARN_QUOTED_INCLUDE_IN_FRAMEWORK_HEADER = YES;
				CLANG_WARN_RANGE_LOOP_ANALYSIS = YES;
				CLANG_WARN_STRICT_PROTOTYPES = YES;
				CLANG_WARN_SUSPICIOUS_MOVE = YES;
				CLANG_WARN_UNGUARDED_AVAILABILITY = YES_AGGRESSIVE;
				CLANG_WARN_UNREACHABLE_CODE = YES;
				CLANG_WARN__DUPLICATE_METHOD_MATCH = YES;
				COPY_PHASE_STRIP = NO;
				DEBUG_INFORMATION_FORMAT = dwarf;
				DEVELOPMENT_TEAM = 5M79DDHHKU;
				ENABLE_STRICT_OBJC_MSGSEND = YES;
				ENABLE_TESTABILITY = YES;
				ENABLE_USER_SCRIPT_SANDBOXING = YES;
				GCC_C_LANGUAGE_STANDARD = gnu17;
				GCC_DYNAMIC_NO_PIC = NO;
				GCC_NO_COMMON_BLOCKS = YES;
				GCC_OPTIMIZATION_LEVEL = 0;
				GCC_PREPROCESSOR_DEFINITIONS = (
					"DEBUG=1",
					"$(inherited)",
				);
				GCC_WARN_64_TO_32_BIT_CONVERSION = YES;
				GCC_WARN_ABOUT_RETURN_TYPE = YES_ERROR;
				GCC_WARN_UNDECLARED_SELECTOR = YES;
				GCC_WARN_UNINITIALIZED_AUTOS = YES_AGGRESSIVE;
				GCC_WARN_UNUSED_FUNCTION = YES;
				GCC_WARN_UNUSED_VARIABLE = YES;
				IPHONEOS_DEPLOYMENT_TARGET = 18.2;
				LOCALIZATION_PREFERS_STRING_CATALOGS = YES;
				MTL_ENABLE_DEBUG_INFO = INCLUDE_SOURCE;
				MTL_FAST_MATH = YES;
				ONLY_ACTIVE_ARCH = YES;
				SDKROOT = iphoneos;
				SWIFT_ACTIVE_COMPILATION_CONDITIONS = "DEBUG $(inherited)";
				SWIFT_OPTIMIZATION_LEVEL = "-Onone";
			};
			name = Debug;
		};
		07F3C72B2D8EEDEB00427A9A /* Release */ = {
			isa = XCBuildConfiguration;
			buildSettings = {
				ALWAYS_SEARCH_USER_PATHS = NO;
				ASSETCATALOG_COMPILER_GENERATE_SWIFT_ASSET_SYMBOL_EXTENSIONS = YES;
				CLANG_ANALYZER_NONNULL = YES;
				CLANG_ANALYZER_NUMBER_OBJECT_CONVERSION = YES_AGGRESSIVE;
				CLANG_CXX_LANGUAGE_STANDARD = "gnu++20";
				CLANG_ENABLE_MODULES = YES;
				CLANG_ENABLE_OBJC_ARC = YES;
				CLANG_ENABLE_OBJC_WEAK = YES;
				CLANG_WARN_BLOCK_CAPTURE_AUTORELEASING = YES;
				CLANG_WARN_BOOL_CONVERSION = YES;
				CLANG_WARN_COMMA = YES;
				CLANG_WARN_CONSTANT_CONVERSION = YES;
				CLANG_WARN_DEPRECATED_OBJC_IMPLEMENTATIONS = YES;
				CLANG_WARN_DIRECT_OBJC_ISA_USAGE = YES_ERROR;
				CLANG_WARN_DOCUMENTATION_COMMENTS = YES;
				CLANG_WARN_EMPTY_BODY = YES;
				CLANG_WARN_ENUM_CONVERSION = YES;
				CLANG_WARN_INFINITE_RECURSION = YES;
				CLANG_WARN_INT_CONVERSION = YES;
				CLANG_WARN_NON_LITERAL_NULL_CONVERSION = YES;
				CLANG_WARN_OBJC_IMPLICIT_RETAIN_SELF = YES;
				CLANG_WARN_OBJC_LITERAL_CONVERSION = YES;
				CLANG_WARN_OBJC_ROOT_CLASS = YES_ERROR;
				CLANG_WARN_QUOTED_INCLUDE_IN_FRAMEWORK_HEADER = YES;
				CLANG_WARN_RANGE_LOOP_ANALYSIS = YES;
				CLANG_WARN_STRICT_PROTOTYPES = YES;
				CLANG_WARN_SUSPICIOUS_MOVE = YES;
				CLANG_WARN_UNGUARDED_AVAILABILITY = YES_AGGRESSIVE;
				CLANG_WARN_UNREACHABLE_CODE = YES;
				CLANG_WARN__DUPLICATE_METHOD_MATCH = YES;
				COPY_PHASE_STRIP = NO;
				DEBUG_INFORMATION_FORMAT = "dwarf-with-dsym";
				DEVELOPMENT_TEAM = 5M79DDHHKU;
				ENABLE_NS_ASSERTIONS = NO;
				ENABLE_STRICT_OBJC_MSGSEND = YES;
				ENABLE_USER_SCRIPT_SANDBOXING = YES;
				GCC_C_LANGUAGE_STANDARD = gnu17;
				GCC_NO_COMMON_BLOCKS = YES;
				GCC_WARN_64_TO_32_BIT_CONVERSION = YES;
				GCC_WARN_ABOUT_RETURN_TYPE = YES_ERROR;
				GCC_WARN_UNDECLARED_SELECTOR = YES;
				GCC_WARN_UNINITIALIZED_AUTOS = YES_AGGRESSIVE;
				GCC_WARN_UNUSED_FUNCTION = YES;
				GCC_WARN_UNUSED_VARIABLE = YES;
				IPHONEOS_DEPLOYMENT_TARGET = 18.2;
				LOCALIZATION_PREFERS_STRING_CATALOGS = YES;
				MTL_ENABLE_DEBUG_INFO = NO;
				MTL_FAST_MATH = YES;
				SDKROOT = iphoneos;
				SWIFT_COMPILATION_MODE = wholemodule;
				VALIDATE_PRODUCT = YES;
			};
			name = Release;
		};
		07F3C72D2D8EEDEB00427A9A /* Debug */ = {
			isa = XCBuildConfiguration;
			buildSettings = {
				ASSETCATALOG_COMPILER_APPICON_NAME = AppIcon;
				ASSETCATALOG_COMPILER_GLOBAL_ACCENT_COLOR_NAME = AccentColor;
				CODE_SIGN_STYLE = Automatic;
				CURRENT_PROJECT_VERSION = 1;
				DEVELOPMENT_ASSET_PATHS = "\"WaterApp/Preview Content\"";
				ENABLE_PREVIEWS = YES;
				GENERATE_INFOPLIST_FILE = YES;
				INFOPLIST_KEY_UIApplicationSceneManifest_Generation = YES;
				INFOPLIST_KEY_UIApplicationSupportsIndirectInputEvents = YES;
				INFOPLIST_KEY_UILaunchScreen_Generation = YES;
				INFOPLIST_KEY_UISupportedInterfaceOrientations_iPad = "UIInterfaceOrientationPortrait UIInterfaceOrientationPortraitUpsideDown UIInterfaceOrientationLandscapeLeft UIInterfaceOrientationLandscapeRight";
				INFOPLIST_KEY_UISupportedInterfaceOrientations_iPhone = "UIInterfaceOrientationPortrait UIInterfaceOrientationLandscapeLeft UIInterfaceOrientationLandscapeRight";
				IPHONEOS_DEPLOYMENT_TARGET = 17;
				LD_RUNPATH_SEARCH_PATHS = (
					"$(inherited)",
					"@executable_path/Frameworks",
				);
				MARKETING_VERSION = 1.0;
				PRODUCT_BUNDLE_IDENTIFIER = com.greggyphenom.WaterApp;
				PRODUCT_NAME = "$(TARGET_NAME)";
				SWIFT_EMIT_LOC_STRINGS = YES;
				SWIFT_VERSION = 5.0;
				TARGETED_DEVICE_FAMILY = "1,2";
			};
			name = Debug;
		};
		07F3C72E2D8EEDEB00427A9A /* Release */ = {
			isa = XCBuildConfiguration;
			buildSettings = {
				ASSETCATALOG_COMPILER_APPICON_NAME = AppIcon;
				ASSETCATALOG_COMPILER_GLOBAL_ACCENT_COLOR_NAME = AccentColor;
				CODE_SIGN_STYLE = Automatic;
				CURRENT_PROJECT_VERSION = 1;
				DEVELOPMENT_ASSET_PATHS = "\"WaterApp/Preview Content\"";
				ENABLE_PREVIEWS = YES;
				GENERATE_INFOPLIST_FILE = YES;
				INFOPLIST_KEY_UIApplicationSceneManifest_Generation = YES;
				INFOPLIST_KEY_UIApplicationSupportsIndirectInputEvents = YES;
				INFOPLIST_KEY_UILaunchScreen_Generation = YES;
				INFOPLIST_KEY_UISupportedInterfaceOrientations_iPad = "UIInterfaceOrientationPortrait UIInterfaceOrientationPortraitUpsideDown UIInterfaceOrientationLandscapeLeft UIInterfaceOrientationLandscapeRight";
				INFOPLIST_KEY_UISupportedInterfaceOrientations_iPhone = "UIInterfaceOrientationPortrait UIInterfaceOrientationLandscapeLeft UIInterfaceOrientationLandscapeRight";
				IPHONEOS_DEPLOYMENT_TARGET = 17;
				LD_RUNPATH_SEARCH_PATHS = (
					"$(inherited)",
					"@executable_path/Frameworks",
				);
				MARKETING_VERSION = 1.0;
				PRODUCT_BUNDLE_IDENTIFIER = com.greggyphenom.WaterApp;
				PRODUCT_NAME = "$(TARGET_NAME)";
				SWIFT_EMIT_LOC_STRINGS = YES;
				SWIFT_VERSION = 5.0;
				TARGETED_DEVICE_FAMILY = "1,2";
			};
			name = Release;
		};
		07F3C7302D8EEDEB00427A9A /* Debug */ = {
			isa = XCBuildConfiguration;
			buildSettings = {
				BUNDLE_LOADER = "$(TEST_HOST)";
				CODE_SIGN_STYLE = Automatic;
				CURRENT_PROJECT_VERSION = 1;
				GENERATE_INFOPLIST_FILE = YES;
				IPHONEOS_DEPLOYMENT_TARGET = 18.2;
				MARKETING_VERSION = 1.0;
				PRODUCT_BUNDLE_IDENTIFIER = com.greggyphenom.WaterAppTests;
				PRODUCT_NAME = "$(TARGET_NAME)";
				SWIFT_EMIT_LOC_STRINGS = NO;
				SWIFT_VERSION = 5.0;
				TARGETED_DEVICE_FAMILY = "1,2";
				TEST_HOST = "$(BUILT_PRODUCTS_DIR)/WaterApp.app/$(BUNDLE_EXECUTABLE_FOLDER_PATH)/WaterApp";
			};
			name = Debug;
		};
		07F3C7312D8EEDEB00427A9A /* Release */ = {
			isa = XCBuildConfiguration;
			buildSettings = {
				BUNDLE_LOADER = "$(TEST_HOST)";
				CODE_SIGN_STYLE = Automatic;
				CURRENT_PROJECT_VERSION = 1;
				GENERATE_INFOPLIST_FILE = YES;
				IPHONEOS_DEPLOYMENT_TARGET = 18.2;
				MARKETING_VERSION = 1.0;
				PRODUCT_BUNDLE_IDENTIFIER = com.greggyphenom.WaterAppTests;
				PRODUCT_NAME = "$(TARGET_NAME)";
				SWIFT_EMIT_LOC_STRINGS = NO;
				SWIFT_VERSION = 5.0;
				TARGETED_DEVICE_FAMILY = "1,2";
				TEST_HOST = "$(BUILT_PRODUCTS_DIR)/WaterApp.app/$(BUNDLE_EXECUTABLE_FOLDER_PATH)/WaterApp";
			};
			name = Release;
		};
		07F3C7332D8EEDEB00427A9A /* Debug */ = {
			isa = XCBuildConfiguration;
			buildSettings = {
				CODE_SIGN_STYLE = Automatic;
				CURRENT_PROJECT_VERSION = 1;
				GENERATE_INFOPLIST_FILE = YES;
				MARKETING_VERSION = 1.0;
				PRODUCT_BUNDLE_IDENTIFIER = com.greggyphenom.WaterAppUITests;
				PRODUCT_NAME = "$(TARGET_NAME)";
				SWIFT_EMIT_LOC_STRINGS = NO;
				SWIFT_VERSION = 5.0;
				TARGETED_DEVICE_FAMILY = "1,2";
				TEST_TARGET_NAME = WaterApp;
			};
			name = Debug;
		};
		07F3C7342D8EEDEB00427A9A /* Release */ = {
			isa = XCBuildConfiguration;
			buildSettings = {
				CODE_SIGN_STYLE = Automatic;
				CURRENT_PROJECT_VERSION = 1;
				GENERATE_INFOPLIST_FILE = YES;
				MARKETING_VERSION = 1.0;
				PRODUCT_BUNDLE_IDENTIFIER = com.greggyphenom.WaterAppUITests;
				PRODUCT_NAME = "$(TARGET_NAME)";
				SWIFT_EMIT_LOC_STRINGS = NO;
				SWIFT_VERSION = 5.0;
				TARGETED_DEVICE_FAMILY = "1,2";
				TEST_TARGET_NAME = WaterApp;
			};
			name = Release;
		};
/* End XCBuildConfiguration section */

/* Begin XCConfigurationList section */
		07F3C7032D8EEDE800427A9A /* Build configuration list for PBXProject "WaterApp" */ = {
			isa = XCConfigurationList;
			buildConfigurations = (
				07F3C72A2D8EEDEB00427A9A /* Debug */,
				07F3C72B2D8EEDEB00427A9A /* Release */,
			);
			defaultConfigurationIsVisible = 0;
			defaultConfigurationName = Release;
		};
		07F3C72C2D8EEDEB00427A9A /* Build configuration list for PBXNativeTarget "WaterApp" */ = {
			isa = XCConfigurationList;
			buildConfigurations = (
				07F3C72D2D8EEDEB00427A9A /* Debug */,
				07F3C72E2D8EEDEB00427A9A /* Release */,
			);
			defaultConfigurationIsVisible = 0;
			defaultConfigurationName = Release;
		};
		07F3C72F2D8EEDEB00427A9A /* Build configuration list for PBXNativeTarget "WaterAppTests" */ = {
			isa = XCConfigurationList;
			buildConfigurations = (
				07F3C7302D8EEDEB00427A9A /* Debug */,
				07F3C7312D8EEDEB00427A9A /* Release */,
			);
			defaultConfigurationIsVisible = 0;
			defaultConfigurationName = Release;
		};
		07F3C7322D8EEDEB00427A9A /* Build configuration list for PBXNativeTarget "WaterAppUITests" */ = {
			isa = XCConfigurationList;
			buildConfigurations = (
				07F3C7332D8EEDEB00427A9A /* Debug */,
				07F3C7342D8EEDEB00427A9A /* Release */,
			);
			defaultConfigurationIsVisible = 0;
			defaultConfigurationName = Release;
		};
/* End XCConfigurationList section */
	};
	rootObject = 07F3C7002D8EEDE800427A9A /* Project object */;
}
